
Microsoft Visual Studio Solution File, Format Version 12.00
# Visual Studio 15
VisualStudioVersion = 15.0.28307.572
MinimumVisualStudioVersion = 10.0.40219.1
Project("{FAE04EC0-301F-11D3-BF4B-00C04F79EFBC}") = "TRA.iTOPS.Launcher", "TRA.iTOPS.Launcher\TRA.iTOPS.Launcher.csproj", "{3ABFC084-B929-4A00-BD56-0AE593D0CF65}"
	ProjectSection(ProjectDependencies) = postProject
		{14C31849-0431-43EE-9754-764CD225C79B} = {14C31849-0431-43EE-9754-764CD225C79B}
		{BEC341A3-C00A-445C-9281-4C80246F5D98} = {BEC341A3-C00A-445C-9281-4C80246F5D98}
		{596600C2-44E8-4861-88BB-D37DC3BA5F02} = {596600C2-44E8-4861-88BB-D37DC3BA5F02}
	EndProjectSection
EndProject
Project("{FAE04EC0-301F-11D3-BF4B-00C04F79EFBC}") = "TRA.iTOPS.Windows.Set", "TRA.iTOPS.Windows.Set\TRA.iTOPS.Windows.Set.csproj", "{14C31849-0431-43EE-9754-764CD225C79B}"
EndProject
Project("{FAE04EC0-301F-11D3-BF4B-00C04F79EFBC}") = "TRA.iTOPS.Contracts", "TRA.iTOPS.Contracts\TRA.iTOPS.Contracts.csproj", "{596600C2-44E8-4861-88BB-D37DC3BA5F02}"
EndProject
Project("{FAE04EC0-301F-11D3-BF4B-00C04F79EFBC}") = "TRA.iTOPS.Diagnostics", "TRA.iTOPS.Diagnostics\TRA.iTOPS.Diagnostics.csproj", "{BEC341A3-C00A-445C-9281-4C80246F5D98}"
EndProject
Project("{FAE04EC0-301F-11D3-BF4B-00C04F79EFBC}") = "TRA.iTOPS.Win", "TRA.iTOPS.Win\TRA.iTOPS.Win.csproj", "{AC400B0E-2F73-4388-AADF-ACBBE9D1A520}"
EndProject
Project("{FAE04EC0-301F-11D3-BF4B-00C04F79EFBC}") = "TRA.iTOPS.Biz", "TRA.iTOPS.Biz\TRA.iTOPS.Biz.csproj", "{F9C4563B-9A76-4DC2-A11B-809398A9C459}"
EndProject
Project("{FAE04EC0-301F-11D3-BF4B-00C04F79EFBC}") = "TRA.iTOPS.Service.Core", "TRA.iTOPS.Service.Core\TRA.iTOPS.Service.Core.csproj", "{B63543C2-53FF-485C-9C0B-27B8D415A75E}"
EndProject
Project("{8BC9CEB8-8B4A-11D0-8D11-00A0C91BC942}") = "TRA.iTOP.MFCDLL", "TRA.iTOP.MFCDLL\TRA.iTOP.MFCDLL\TRA.iTOP.MFCDLL.vcxproj", "{63A8FCD1-0923-4BCA-889A-7BB298F17769}"
EndProject
Global
	GlobalSection(SolutionConfigurationPlatforms) = preSolution
		Debug|Any CPU = Debug|Any CPU
		Debug|x64 = Debug|x64
		Debug|x86 = Debug|x86
		Release|Any CPU = Release|Any CPU
		Release|x64 = Release|x64
		Release|x86 = Release|x86
	EndGlobalSection
	GlobalSection(ProjectConfigurationPlatforms) = postSolution
		{3ABFC084-B929-4A00-BD56-0AE593D0CF65}.Debug|Any CPU.ActiveCfg = Debug|Any CPU
		{3ABFC084-B929-4A00-BD56-0AE593D0CF65}.Debug|Any CPU.Build.0 = Debug|Any CPU
		{3ABFC084-B929-4A00-BD56-0AE593D0CF65}.Debug|x64.ActiveCfg = Debug|Any CPU
		{3ABFC084-B929-4A00-BD56-0AE593D0CF65}.Debug|x64.Build.0 = Debug|Any CPU
		{3ABFC084-B929-4A00-BD56-0AE593D0CF65}.Debug|x86.ActiveCfg = Debug|Any CPU
		{3ABFC084-B929-4A00-BD56-0AE593D0CF65}.Debug|x86.Build.0 = Debug|Any CPU
		{3ABFC084-B929-4A00-BD56-0AE593D0CF65}.Release|Any CPU.ActiveCfg = Release|Any CPU
		{3ABFC084-B929-4A00-BD56-0AE593D0CF65}.Release|Any CPU.Build.0 = Release|Any CPU
		{3ABFC084-B929-4A00-BD56-0AE593D0CF65}.Release|x64.ActiveCfg = Release|Any CPU
		{3ABFC084-B929-4A00-BD56-0AE593D0CF65}.Release|x64.Build.0 = Release|Any CPU
		{3ABFC084-B929-4A00-BD56-0AE593D0CF65}.Release|x86.ActiveCfg = Release|Any CPU
		{3ABFC084-B929-4A00-BD56-0AE593D0CF65}.Release|x86.Build.0 = Release|Any CPU
		{14C31849-0431-43EE-9754-764CD225C79B}.Debug|Any CPU.ActiveCfg = Debug|Any CPU
		{14C31849-0431-43EE-9754-764CD225C79B}.Debug|Any CPU.Build.0 = Debug|Any CPU
		{14C31849-0431-43EE-9754-764CD225C79B}.Debug|x64.ActiveCfg = Debug|Any CPU
		{14C31849-0431-43EE-9754-764CD225C79B}.Debug|x64.Build.0 = Debug|Any CPU
		{14C31849-0431-43EE-9754-764CD225C79B}.Debug|x86.ActiveCfg = Debug|Any CPU
		{14C31849-0431-43EE-9754-764CD225C79B}.Debug|x86.Build.0 = Debug|Any CPU
		{14C31849-0431-43EE-9754-764CD225C79B}.Release|Any CPU.ActiveCfg = Release|Any CPU
		{14C31849-0431-43EE-9754-764CD225C79B}.Release|Any CPU.Build.0 = Release|Any CPU
		{14C31849-0431-43EE-9754-764CD225C79B}.Release|x64.ActiveCfg = Release|Any CPU
		{14C31849-0431-43EE-9754-764CD225C79B}.Release|x64.Build.0 = Release|Any CPU
		{14C31849-0431-43EE-9754-764CD225C79B}.Release|x86.ActiveCfg = Release|Any CPU
		{14C31849-0431-43EE-9754-764CD225C79B}.Release|x86.Build.0 = Release|Any CPU
		{596600C2-44E8-4861-88BB-D37DC3BA5F02}.Debug|Any CPU.ActiveCfg = Debug|Any CPU
		{596600C2-44E8-4861-88BB-D37DC3BA5F02}.Debug|Any CPU.Build.0 = Debug|Any CPU
		{596600C2-44E8-4861-88BB-D37DC3BA5F02}.Debug|x64.ActiveCfg = Debug|Any CPU
		{596600C2-44E8-4861-88BB-D37DC3BA5F02}.Debug|x64.Build.0 = Debug|Any CPU
		{596600C2-44E8-4861-88BB-D37DC3BA5F02}.Debug|x86.ActiveCfg = Debug|Any CPU
		{596600C2-44E8-4861-88BB-D37DC3BA5F02}.Debug|x86.Build.0 = Debug|Any CPU
		{596600C2-44E8-4861-88BB-D37DC3BA5F02}.Release|Any CPU.ActiveCfg = Release|Any CPU
		{596600C2-44E8-4861-88BB-D37DC3BA5F02}.Release|Any CPU.Build.0 = Release|Any CPU
		{596600C2-44E8-4861-88BB-D37DC3BA5F02}.Release|x64.ActiveCfg = Release|Any CPU
		{596600C2-44E8-4861-88BB-D37DC3BA5F02}.Release|x64.Build.0 = Release|Any CPU
		{596600C2-44E8-4861-88BB-D37DC3BA5F02}.Release|x86.ActiveCfg = Release|Any CPU
		{596600C2-44E8-4861-88BB-D37DC3BA5F02}.Release|x86.Build.0 = Release|Any CPU
		{BEC341A3-C00A-445C-9281-4C80246F5D98}.Debug|Any CPU.ActiveCfg = Debug|Any CPU
		{BEC341A3-C00A-445C-9281-4C80246F5D98}.Debug|Any CPU.Build.0 = Debug|Any CPU
		{BEC341A3-C00A-445C-9281-4C80246F5D98}.Debug|x64.ActiveCfg = Debug|Any CPU
		{BEC341A3-C00A-445C-9281-4C80246F5D98}.Debug|x64.Build.0 = Debug|Any CPU
		{BEC341A3-C00A-445C-9281-4C80246F5D98}.Debug|x86.ActiveCfg = Debug|Any CPU
		{BEC341A3-C00A-445C-9281-4C80246F5D98}.Debug|x86.Build.0 = Debug|Any CPU
		{BEC341A3-C00A-445C-9281-4C80246F5D98}.Release|Any CPU.ActiveCfg = Release|Any CPU
		{BEC341A3-C00A-445C-9281-4C80246F5D98}.Release|Any CPU.Build.0 = Release|Any CPU
		{BEC341A3-C00A-445C-9281-4C80246F5D98}.Release|x64.ActiveCfg = Release|Any CPU
		{BEC341A3-C00A-445C-9281-4C80246F5D98}.Release|x64.Build.0 = Release|Any CPU
		{BEC341A3-C00A-445C-9281-4C80246F5D98}.Release|x86.ActiveCfg = Release|Any CPU
		{BEC341A3-C00A-445C-9281-4C80246F5D98}.Release|x86.Build.0 = Release|Any CPU
		{AC400B0E-2F73-4388-AADF-ACBBE9D1A520}.Debug|Any CPU.ActiveCfg = Debug|Any CPU
		{AC400B0E-2F73-4388-AADF-ACBBE9D1A520}.Debug|Any CPU.Build.0 = Debug|Any CPU
		{AC400B0E-2F73-4388-AADF-ACBBE9D1A520}.Debug|x64.ActiveCfg = Debug|Any CPU
		{AC400B0E-2F73-4388-AADF-ACBBE9D1A520}.Debug|x64.Build.0 = Debug|Any CPU
		{AC400B0E-2F73-4388-AADF-ACBBE9D1A520}.Debug|x86.ActiveCfg = Debug|Any CPU
		{AC400B0E-2F73-4388-AADF-ACBBE9D1A520}.Debug|x86.Build.0 = Debug|Any CPU
		{AC400B0E-2F73-4388-AADF-ACBBE9D1A520}.Release|Any CPU.ActiveCfg = Release|Any CPU
		{AC400B0E-2F73-4388-AADF-ACBBE9D1A520}.Release|Any CPU.Build.0 = Release|Any CPU
		{AC400B0E-2F73-4388-AADF-ACBBE9D1A520}.Release|x64.ActiveCfg = Release|Any CPU
		{AC400B0E-2F73-4388-AADF-ACBBE9D1A520}.Release|x64.Build.0 = Release|Any CPU
		{AC400B0E-2F73-4388-AADF-ACBBE9D1A520}.Release|x86.ActiveCfg = Release|Any CPU
		{AC400B0E-2F73-4388-AADF-ACBBE9D1A520}.Release|x86.Build.0 = Release|Any CPU
		{F9C4563B-9A76-4DC2-A11B-809398A9C459}.Debug|Any CPU.ActiveCfg = Debug|Any CPU
		{F9C4563B-9A76-4DC2-A11B-809398A9C459}.Debug|Any CPU.Build.0 = Debug|Any CPU
		{F9C4563B-9A76-4DC2-A11B-809398A9C459}.Debug|x64.ActiveCfg = Debug|Any CPU
		{F9C4563B-9A76-4DC2-A11B-809398A9C459}.Debug|x64.Build.0 = Debug|Any CPU
		{F9C4563B-9A76-4DC2-A11B-809398A9C459}.Debug|x86.ActiveCfg = Debug|Any CPU
		{F9C4563B-9A76-4DC2-A11B-809398A9C459}.Debug|x86.Build.0 = Debug|Any CPU
		{F9C4563B-9A76-4DC2-A11B-809398A9C459}.Release|Any CPU.ActiveCfg = Release|Any CPU
		{F9C4563B-9A76-4DC2-A11B-809398A9C459}.Release|Any CPU.Build.0 = Release|Any CPU
		{F9C4563B-9A76-4DC2-A11B-809398A9C459}.Release|x64.ActiveCfg = Release|Any CPU
		{F9C4563B-9A76-4DC2-A11B-809398A9C459}.Release|x64.Build.0 = Release|Any CPU
		{F9C4563B-9A76-4DC2-A11B-809398A9C459}.Release|x86.ActiveCfg = Release|Any CPU
		{F9C4563B-9A76-4DC2-A11B-809398A9C459}.Release|x86.Build.0 = Release|Any CPU
		{B63543C2-53FF-485C-9C0B-27B8D415A75E}.Debug|Any CPU.ActiveCfg = Debug|Any CPU
		{B63543C2-53FF-485C-9C0B-27B8D415A75E}.Debug|Any CPU.Build.0 = Debug|Any CPU
		{B63543C2-53FF-485C-9C0B-27B8D415A75E}.Debug|x64.ActiveCfg = Debug|Any CPU
		{B63543C2-53FF-485C-9C0B-27B8D415A75E}.Debug|x64.Build.0 = Debug|Any CPU
		{B63543C2-53FF-485C-9C0B-27B8D415A75E}.Debug|x86.ActiveCfg = Debug|Any CPU
		{B63543C2-53FF-485C-9C0B-27B8D415A75E}.Debug|x86.Build.0 = Debug|Any CPU
		{B63543C2-53FF-485C-9C0B-27B8D415A75E}.Release|Any CPU.ActiveCfg = Release|Any CPU
		{B63543C2-53FF-485C-9C0B-27B8D415A75E}.Release|Any CPU.Build.0 = Release|Any CPU
		{B63543C2-53FF-485C-9C0B-27B8D415A75E}.Release|x64.ActiveCfg = Release|Any CPU
		{B63543C2-53FF-485C-9C0B-27B8D415A75E}.Release|x64.Build.0 = Release|Any CPU
		{B63543C2-53FF-485C-9C0B-27B8D415A75E}.Release|x86.ActiveCfg = Release|Any CPU
		{B63543C2-53FF-485C-9C0B-27B8D415A75E}.Release|x86.Build.0 = Release|Any CPU
		{63A8FCD1-0923-4BCA-889A-7BB298F17769}.Debug|Any CPU.ActiveCfg = Debug|Win32
		{63A8FCD1-0923-4BCA-889A-7BB298F17769}.Debug|x64.ActiveCfg = Debug|x64
		{63A8FCD1-0923-4BCA-889A-7BB298F17769}.Debug|x64.Build.0 = Debug|x64
		{63A8FCD1-0923-4BCA-889A-7BB298F17769}.Debug|x86.ActiveCfg = Debug|Win32
		{63A8FCD1-0923-4BCA-889A-7BB298F17769}.Debug|x86.Build.0 = Debug|Win32
		{63A8FCD1-0923-4BCA-889A-7BB298F17769}.Release|Any CPU.ActiveCfg = Release|Win32
		{63A8FCD1-0923-4BCA-889A-7BB298F17769}.Release|x64.ActiveCfg = Release|x64
		{63A8FCD1-0923-4BCA-889A-7BB298F17769}.Release|x64.Build.0 = Release|x64
		{63A8FCD1-0923-4BCA-889A-7BB298F17769}.Release|x86.ActiveCfg = Release|Win32
		{63A8FCD1-0923-4BCA-889A-7BB298F17769}.Release|x86.Build.0 = Release|Win32
	EndGlobalSection
	GlobalSection(SolutionProperties) = preSolution
		HideSolutionNode = FALSE
	EndGlobalSection
	GlobalSection(ExtensibilityGlobals) = postSolution
		SolutionGuid = {794BE500-7808-4491-B7AE-7AF9397D5A9B}
	EndGlobalSection
EndGlobal
